
Microsoft Visual Studio Solution File, Format Version 12.00
# Visual Studio Version 17
VisualStudioVersion = 17.3.32825.248
MinimumVisualStudioVersion = 10.0.40219.1
Project("{9A19103F-16F7-4668-BE54-9A1E7A4F7556}") = "HackLeft4Dead2", "HackLeft4Dead2\HackLeft4Dead2.csproj", "{577A585F-8398-4A48-97C4-A0146D06E791}"
EndProject
Project("{9A19103F-16F7-4668-BE54-9A1E7A4F7556}") = "MemoryManagement", "MemoryManagement\MemoryManagement.csproj", "{DAE0393F-6AAD-4E2D-B961-11B659875AC2}"
EndProject
Project("{9A19103F-16F7-4668-BE54-9A1E7A4F7556}") = "OverlayManagement", "OverlayManagement\OverlayManagement.csproj", "{3F1E2CE5-8689-4386-99F3-ED119F2998A5}"
EndProject
Global
	GlobalSection(SolutionConfigurationPlatforms) = preSolution
		Debug|Any CPU = Debug|Any CPU
		Release|Any CPU = Release|Any CPU
	EndGlobalSection
	GlobalSection(ProjectConfigurationPlatforms) = postSolution
		{577A585F-8398-4A48-97C4-A0146D06E791}.Debug|Any CPU.ActiveCfg = Debug|Any CPU
		{577A585F-8398-4A48-97C4-A0146D06E791}.Debug|Any CPU.Build.0 = Debug|Any CPU
		{577A585F-8398-4A48-97C4-A0146D06E791}.Release|Any CPU.ActiveCfg = Release|Any CPU
		{577A585F-8398-4A48-97C4-A0146D06E791}.Release|Any CPU.Build.0 = Release|Any CPU
		{DAE0393F-6AAD-4E2D-B961-11B659875AC2}.Debug|Any CPU.ActiveCfg = Debug|Any CPU
		{DAE0393F-6AAD-4E2D-B961-11B659875AC2}.Debug|Any CPU.Build.0 = Debug|Any CPU
		{DAE0393F-6AAD-4E2D-B961-11B659875AC2}.Release|Any CPU.ActiveCfg = Release|Any CPU
		{DAE0393F-6AAD-4E2D-B961-11B659875AC2}.Release|Any CPU.Build.0 = Release|Any CPU
		{3F1E2CE5-8689-4386-99F3-ED119F2998A5}.Debug|Any CPU.ActiveCfg = Debug|Any CPU
		{3F1E2CE5-8689-4386-99F3-ED119F2998A5}.Debug|Any CPU.Build.0 = Debug|Any CPU
		{3F1E2CE5-8689-4386-99F3-ED119F2998A5}.Release|Any CPU.ActiveCfg = Release|Any CPU
		{3F1E2CE5-8689-4386-99F3-ED119F2998A5}.Release|Any CPU.Build.0 = Release|Any CPU
	EndGlobalSection
	GlobalSection(SolutionProperties) = preSolution
		HideSolutionNode = FALSE
	EndGlobalSection
	GlobalSection(ExtensibilityGlobals) = postSolution
		SolutionGuid = {28BF0945-D98E-4FD6-A80B-78AC71B8FA5A}
	EndGlobalSection
EndGlobal
